// !$*UTF8*$!
{
	archiveVersion = 1;
	classes = {
	};
	objectVersion = 63;
	objects = {

/* Begin PBXBuildFile section */
		0102D045CCDDF9C0A6F41067 /* InsightsRollup in Frameworks */ = {isa = PBXBuildFile; productRef = 2767C43F89A29AB2EBA6ADF2 /* InsightsRollup */; };
		0993883A171BF6411B15550A /* Storage in Frameworks */ = {isa = PBXBuildFile; productRef = F880C26B6A3AA9A3D31EE4D9 /* Storage */; };
		1EB67F9F4DDCF27E95700FB5 /* LifeWrappedWidget.swift in Sources */ = {isa = PBXBuildFile; fileRef = 0237823FD9B25D17A3195722 /* LifeWrappedWidget.swift */; };
		244A734639F00E2AE85D6920 /* LifeWrappedApp.swift in Sources */ = {isa = PBXBuildFile; fileRef = 35B5374C073975AB930C84D7 /* LifeWrappedApp.swift */; };
		2719E959356B301B429501F6 /* WidgetKit.framework in Frameworks */ = {isa = PBXBuildFile; fileRef = 2CBE511C20A8C5633211A25E /* WidgetKit.framework */; };
		3B10D378939DF4E006FAA89F /* AudioCapture in Frameworks */ = {isa = PBXBuildFile; productRef = B68C413BD4D27BF71ED299E5 /* AudioCapture */; };
		4542A997CBA0AE57206FA214 /* ContentView.swift in Sources */ = {isa = PBXBuildFile; fileRef = 47408049BA4C55795D819D9D /* ContentView.swift */; };
		46EF66E62EFF391E00DE6C0A /* KeychainHelper.swift in Sources */ = {isa = PBXBuildFile; fileRef = 46EF66D42EFF391E00DE6C0A /* KeychainHelper.swift */; };
		46EF66E72EFF391E00DE6C0A /* PermissionsView.swift in Sources */ = {isa = PBXBuildFile; fileRef = 46EF66E42EFF391E00DE6C0A /* PermissionsView.swift */; };
		46EF66E82EFF391E00DE6C0A /* SiriWave.swift in Sources */ = {isa = PBXBuildFile; fileRef = 46EF66C72EFF391E00DE6C0A /* SiriWave.swift */; };
		46EF66E92EFF391E00DE6C0A /* SessionRowClean.swift in Sources */ = {isa = PBXBuildFile; fileRef = 46EF66CC2EFF391E00DE6C0A /* SessionRowClean.swift */; };
		46EF66EA2EFF391E00DE6C0A /* RecordingButton.swift in Sources */ = {isa = PBXBuildFile; fileRef = 46EF66C62EFF391E00DE6C0A /* RecordingButton.swift */; };
		46EF66EB2EFF391E00DE6C0A /* WordAnalyzer.swift in Sources */ = {isa = PBXBuildFile; fileRef = 46EF66D62EFF391E00DE6C0A /* WordAnalyzer.swift */; };
		46EF66EC2EFF391E00DE6C0A /* SessionRow.swift in Sources */ = {isa = PBXBuildFile; fileRef = 46EF66CB2EFF391E00DE6C0A /* SessionRow.swift */; };
		46EF66ED2EFF391E00DE6C0A /* OverviewTab.swift in Sources */ = {isa = PBXBuildFile; fileRef = 46EF66E02EFF391E00DE6C0A /* OverviewTab.swift */; };
		46EF66EE2EFF391E00DE6C0A /* RecordingRow.swift in Sources */ = {isa = PBXBuildFile; fileRef = 46EF66CA2EFF391E00DE6C0A /* RecordingRow.swift */; };
		46EF66EF2EFF391E00DE6C0A /* Extensions.swift in Sources */ = {isa = PBXBuildFile; fileRef = 46EF66D32EFF391E00DE6C0A /* Extensions.swift */; };
		46EF66F02EFF391E00DE6C0A /* WiggleModifier.swift in Sources */ = {isa = PBXBuildFile; fileRef = 46EF66D52EFF391E00DE6C0A /* WiggleModifier.swift */; };
		46EF66F12EFF391E00DE6C0A /* InfoRow.swift in Sources */ = {isa = PBXBuildFile; fileRef = 46EF66CE2EFF391E00DE6C0A /* InfoRow.swift */; };
		46EF66F22EFF391E00DE6C0A /* DataManagementView.swift in Sources */ = {isa = PBXBuildFile; fileRef = 46EF66E32EFF391E00DE6C0A /* DataManagementView.swift */; };
		46EF66F32EFF391E00DE6C0A /* ToastView.swift in Sources */ = {isa = PBXBuildFile; fileRef = 46EF66DC2EFF391E00DE6C0A /* ToastView.swift */; };
		46EF66F42EFF391E00DE6C0A /* StatusPill.swift in Sources */ = {isa = PBXBuildFile; fileRef = 46EF66CF2EFF391E00DE6C0A /* StatusPill.swift */; };
		46EF66F52EFF391E00DE6C0A /* SettingsTab.swift in Sources */ = {isa = PBXBuildFile; fileRef = 46EF66E12EFF391E00DE6C0A /* SettingsTab.swift */; };
		46EF66F62EFF391E00DE6C0A /* ErrorView.swift in Sources */ = {isa = PBXBuildFile; fileRef = 46EF66DA2EFF391E00DE6C0A /* ErrorView.swift */; };
		46EF66F72EFF391E00DE6C0A /* LoadingOverlay.swift in Sources */ = {isa = PBXBuildFile; fileRef = 46EF66C42EFF391E00DE6C0A /* LoadingOverlay.swift */; };
		46EF66F82EFF391E00DE6C0A /* LoadingView.swift in Sources */ = {isa = PBXBuildFile; fileRef = 46EF66DB2EFF391E00DE6C0A /* LoadingView.swift */; };
		46EF66F92EFF391E00DE6C0A /* TimeRange.swift in Sources */ = {isa = PBXBuildFile; fileRef = 46EF66D82EFF391E00DE6C0A /* TimeRange.swift */; };
		46EF66FA2EFF391E00DE6C0A /* SiriWaveView.swift in Sources */ = {isa = PBXBuildFile; fileRef = 46EF66C82EFF391E00DE6C0A /* SiriWaveView.swift */; };
		46EF66FB2EFF391E00DE6C0A /* HistoryTab.swift in Sources */ = {isa = PBXBuildFile; fileRef = 46EF66DE2EFF391E00DE6C0A /* HistoryTab.swift */; };
		46EF66FC2EFF391E00DE6C0A /* HomeTab.swift in Sources */ = {isa = PBXBuildFile; fileRef = 46EF66DF2EFF391E00DE6C0A /* HomeTab.swift */; };
		46EF66FD2EFF391E00DE6C0A /* StreakDisplay.swift in Sources */ = {isa = PBXBuildFile; fileRef = 46EF66D02EFF391E00DE6C0A /* StreakDisplay.swift */; };
		46EF67472EFF469700DE6C0A /* LanguageSettingsView.swift in Sources */ = {isa = PBXBuildFile; fileRef = 46EF67402EFF469700DE6C0A /* LanguageSettingsView.swift */; };
		46EF67482EFF469700DE6C0A /* RecordingSettingsView.swift in Sources */ = {isa = PBXBuildFile; fileRef = 46EF67432EFF469700DE6C0A /* RecordingSettingsView.swift */; };
		46EF67492EFF469700DE6C0A /* OnDeviceEnginesView.swift in Sources */ = {isa = PBXBuildFile; fileRef = 46EF67412EFF469700DE6C0A /* OnDeviceEnginesView.swift */; };
		46EF674A2EFF469700DE6C0A /* AISettingsView.swift in Sources */ = {isa = PBXBuildFile; fileRef = 46EF673C2EFF469700DE6C0A /* AISettingsView.swift */; };
		46EF674B2EFF469700DE6C0A /* DataSettingsView.swift in Sources */ = {isa = PBXBuildFile; fileRef = 46EF673D2EFF469700DE6C0A /* DataSettingsView.swift */; };
		46EF674C2EFF469700DE6C0A /* StatisticsView.swift in Sources */ = {isa = PBXBuildFile; fileRef = 46EF67442EFF469700DE6C0A /* StatisticsView.swift */; };
		46EF674D2EFF469700DE6C0A /* SummaryQualityCard.swift in Sources */ = {isa = PBXBuildFile; fileRef = 46EF67452EFF469700DE6C0A /* SummaryQualityCard.swift */; };
		46EF674E2EFF469700DE6C0A /* EngineSelectionRow.swift in Sources */ = {isa = PBXBuildFile; fileRef = 46EF673E2EFF469700DE6C0A /* EngineSelectionRow.swift */; };
		46EF674F2EFF469700DE6C0A /* PrivacySettingsView.swift in Sources */ = {isa = PBXBuildFile; fileRef = 46EF67422EFF469700DE6C0A /* PrivacySettingsView.swift */; };
		46EF67502EFF469700DE6C0A /* ExternalAPISettingsView.swift in Sources */ = {isa = PBXBuildFile; fileRef = 46EF673F2EFF469700DE6C0A /* ExternalAPISettingsView.swift */; };
		46EF67532EFF49C600DE6C0A /* SessionDetailView.swift in Sources */ = {isa = PBXBuildFile; fileRef = 46EF67512EFF49C600DE6C0A /* SessionDetailView.swift */; };
		46EF67552EFF4AB400DE6C0A /* RecordingDetailView.swift in Sources */ = {isa = PBXBuildFile; fileRef = 46EF67542EFF4AB400DE6C0A /* RecordingDetailView.swift */; };
		46EF67572EFF4B6500DE6C0A /* TranscriptChunkView.swift in Sources */ = {isa = PBXBuildFile; fileRef = 46EF67562EFF4B6500DE6C0A /* TranscriptChunkView.swift */; };
		46EF675D2EFF4CE700DE6C0A /* OverviewSummaryCard.swift in Sources */ = {isa = PBXBuildFile; fileRef = 46EF675B2EFF4CE700DE6C0A /* OverviewSummaryCard.swift */; };
		46EF67672EFF4E5000DE6C0A /* SessionSummaryCard.swift in Sources */ = {isa = PBXBuildFile; fileRef = 46EF67662EFF4E5000DE6C0A /* SessionSummaryCard.swift */; };
		46EF67682EFF4E5000DE6C0A /* PeriodSummaryCard.swift in Sources */ = {isa = PBXBuildFile; fileRef = 46EF67652EFF4E5000DE6C0A /* PeriodSummaryCard.swift */; };
		46EF67692EFF4E5000DE6C0A /* GeneratePeriodSummaryCard.swift in Sources */ = {isa = PBXBuildFile; fileRef = 46EF67642EFF4E5000DE6C0A /* GeneratePeriodSummaryCard.swift */; };
		46EF676D2EFF792A00DE6C0A /* YearWrappedCard.swift in Sources */ = {isa = PBXBuildFile; fileRef = 46EF676C2EFF792A00DE6C0A /* YearWrappedCard.swift */; };
		46EF676F2EFF79D400DE6C0A /* GenerateYearWrapCard.swift in Sources */ = {isa = PBXBuildFile; fileRef = 46EF676E2EFF79D400DE6C0A /* GenerateYearWrapCard.swift */; };
		46EF67712EFF7A8600DE6C0A /* StatCard.swift in Sources */ = {isa = PBXBuildFile; fileRef = 46EF67702EFF7A8600DE6C0A /* StatCard.swift */; };
		46EF67742EFF7B0F00DE6C0A /* YearInsightsView.swift in Sources */ = {isa = PBXBuildFile; fileRef = 46EF67722EFF7B0F00DE6C0A /* YearInsightsView.swift */; };
		46EF67762EFF7B5300DE6C0A /* MonthInsightsView.swift in Sources */ = {isa = PBXBuildFile; fileRef = 46EF67752EFF7B5300DE6C0A /* MonthInsightsView.swift */; };
		46EF67782EFF7B8A00DE6C0A /* HistoricalDataView.swift in Sources */ = {isa = PBXBuildFile; fileRef = 46EF67772EFF7B8A00DE6C0A /* HistoricalDataView.swift */; };
		46EF677A2EFF7BC700DE6C0A /* TopicTagsView.swift in Sources */ = {isa = PBXBuildFile; fileRef = 46EF67792EFF7BC700DE6C0A /* TopicTagsView.swift */; };
		46EF677D2EFF7C1900DE6C0A /* IntelligenceEngineView.swift in Sources */ = {isa = PBXBuildFile; fileRef = 46EF677B2EFF7C1900DE6C0A /* IntelligenceEngineView.swift */; };
		4A1B2C3D4E5F6G7H8I9J0K1L /* StopWords.swift in Sources */ = {isa = PBXBuildFile; fileRef = 4B2C3D4E5F6G7H8I9J0K1L2M /* StopWords.swift */; };
		62C642FA0851509AA7E2E6A6 /* LifeWrappedWidget.appex in Embed Foundation Extensions */ = {isa = PBXBuildFile; fileRef = CE4CD365415267B2AFBBA60B /* LifeWrappedWidget.appex */; settings = {ATTRIBUTES = (RemoveHeadersOnCopy, ); }; };
		65E37633E53CFCDAF51555A2 /* WidgetCore in Frameworks */ = {isa = PBXBuildFile; productRef = A34D06F783FED7A00B324107 /* WidgetCore */; };
		7BA5A8AD558048166720D159 /* WidgetCore in Frameworks */ = {isa = PBXBuildFile; productRef = A1A443B442D310CEA654D85D /* WidgetCore */; };
		839655CED6082F42EFFC8CBC /* AppCoordinator.swift in Sources */ = {isa = PBXBuildFile; fileRef = D8A7D9951119195D635799E7 /* AppCoordinator.swift */; };
		8614AA83FE5CD46AA62101C1 /* Transcription in Frameworks */ = {isa = PBXBuildFile; productRef = 3E9E7AFD4C6A5ED1BB07B95D /* Transcription */; };
		8B16021E501A9E387763799F /* InsightsRollup in Frameworks */ = {isa = PBXBuildFile; productRef = 004017B294387272A17D9463 /* InsightsRollup */; };
		AE95A6904C8E62C2C740C797 /* Storage in Frameworks */ = {isa = PBXBuildFile; productRef = 3AC00A8D34DD43FEB8110721 /* Storage */; };
		B09D1A34297F3DCFB55F9913 /* Summarization in Frameworks */ = {isa = PBXBuildFile; productRef = D3EE294EB38CFB9FDFAE6BCE /* Summarization */; };
		B563ACAF356FCFFCB92306CA /* SharedModels in Frameworks */ = {isa = PBXBuildFile; productRef = CA3DCC7908C3EAF40858A0FB /* SharedModels */; };
		DFAE398E797D760D03FC06F0 /* SwiftUI.framework in Frameworks */ = {isa = PBXBuildFile; fileRef = 5B2BD93126F9D9A4E30A6483 /* SwiftUI.framework */; };
		E5F4BFB6621EA617BAFB066C /* SharedModels in Frameworks */ = {isa = PBXBuildFile; productRef = 5164369DCEB7F287DDFA1A0C /* SharedModels */; };
/* End PBXBuildFile section */

/* Begin PBXContainerItemProxy section */
		894892F8012FB66ACCB75203 /* PBXContainerItemProxy */ = {
			isa = PBXContainerItemProxy;
			containerPortal = 6F8F3F3B4FF654BDFBE10870 /* Project object */;
			proxyType = 1;
			remoteGlobalIDString = C2920333D7915E05BCC0A924;
			remoteInfo = LifeWrappedWidget;
		};
/* End PBXContainerItemProxy section */

/* Begin PBXCopyFilesBuildPhase section */
		864DAA9114CB2B9FFC694CD4 /* Embed Foundation Extensions */ = {
			isa = PBXCopyFilesBuildPhase;
			buildActionMask = 2147483647;
			dstPath = "";
			dstSubfolderSpec = 13;
			files = (
				62C642FA0851509AA7E2E6A6 /* LifeWrappedWidget.appex in Embed Foundation Extensions */,
			);
			name = "Embed Foundation Extensions";
			runOnlyForDeploymentPostprocessing = 0;
		};
/* End PBXCopyFilesBuildPhase section */

/* Begin PBXFileReference section */
		0237823FD9B25D17A3195722 /* LifeWrappedWidget.swift */ = {isa = PBXFileReference; lastKnownFileType = sourcecode.swift; path = LifeWrappedWidget.swift; sourceTree = "<group>"; };
		0AA3EF4F58E1A39F2F4433DC /* Transcription */ = {isa = PBXFileReference; lastKnownFileType = folder; name = Transcription; path = Packages/Transcription; sourceTree = SOURCE_ROOT; };
		0FD9013A86B8D02440ABE02C /* Summarization */ = {isa = PBXFileReference; lastKnownFileType = folder; name = Summarization; path = Packages/Summarization; sourceTree = SOURCE_ROOT; };
		240FB3461A42E1AD0DD2178B /* LifeWrapped.app */ = {isa = PBXFileReference; includeInIndex = 0; lastKnownFileType = wrapper.application; path = LifeWrapped.app; sourceTree = BUILT_PRODUCTS_DIR; };
		2CBE511C20A8C5633211A25E /* WidgetKit.framework */ = {isa = PBXFileReference; lastKnownFileType = wrapper.framework; name = WidgetKit.framework; path = System/Library/Frameworks/WidgetKit.framework; sourceTree = SDKROOT; };
		35B5374C073975AB930C84D7 /* LifeWrappedApp.swift */ = {isa = PBXFileReference; lastKnownFileType = sourcecode.swift; path = LifeWrappedApp.swift; sourceTree = "<group>"; };
		46EF66C42EFF391E00DE6C0A /* LoadingOverlay.swift */ = {isa = PBXFileReference; lastKnownFileType = sourcecode.swift; path = LoadingOverlay.swift; sourceTree = "<group>"; };
		46EF66C62EFF391E00DE6C0A /* RecordingButton.swift */ = {isa = PBXFileReference; lastKnownFileType = sourcecode.swift; path = RecordingButton.swift; sourceTree = "<group>"; };
		46EF66C72EFF391E00DE6C0A /* SiriWave.swift */ = {isa = PBXFileReference; lastKnownFileType = sourcecode.swift; path = SiriWave.swift; sourceTree = "<group>"; };
		46EF66C82EFF391E00DE6C0A /* SiriWaveView.swift */ = {isa = PBXFileReference; lastKnownFileType = sourcecode.swift; path = SiriWaveView.swift; sourceTree = "<group>"; };
		46EF66CA2EFF391E00DE6C0A /* RecordingRow.swift */ = {isa = PBXFileReference; lastKnownFileType = sourcecode.swift; path = RecordingRow.swift; sourceTree = "<group>"; };
		46EF66CB2EFF391E00DE6C0A /* SessionRow.swift */ = {isa = PBXFileReference; lastKnownFileType = sourcecode.swift; path = SessionRow.swift; sourceTree = "<group>"; };
		46EF66CC2EFF391E00DE6C0A /* SessionRowClean.swift */ = {isa = PBXFileReference; lastKnownFileType = sourcecode.swift; path = SessionRowClean.swift; sourceTree = "<group>"; };
		46EF66CE2EFF391E00DE6C0A /* InfoRow.swift */ = {isa = PBXFileReference; lastKnownFileType = sourcecode.swift; path = InfoRow.swift; sourceTree = "<group>"; };
		46EF66CF2EFF391E00DE6C0A /* StatusPill.swift */ = {isa = PBXFileReference; lastKnownFileType = sourcecode.swift; path = StatusPill.swift; sourceTree = "<group>"; };
		46EF66D02EFF391E00DE6C0A /* StreakDisplay.swift */ = {isa = PBXFileReference; lastKnownFileType = sourcecode.swift; path = StreakDisplay.swift; sourceTree = "<group>"; };
		46EF66D32EFF391E00DE6C0A /* Extensions.swift */ = {isa = PBXFileReference; lastKnownFileType = sourcecode.swift; path = Extensions.swift; sourceTree = "<group>"; };
		46EF66D42EFF391E00DE6C0A /* KeychainHelper.swift */ = {isa = PBXFileReference; lastKnownFileType = sourcecode.swift; path = KeychainHelper.swift; sourceTree = "<group>"; };
		46EF66D52EFF391E00DE6C0A /* WiggleModifier.swift */ = {isa = PBXFileReference; lastKnownFileType = sourcecode.swift; path = WiggleModifier.swift; sourceTree = "<group>"; };
		46EF66D62EFF391E00DE6C0A /* WordAnalyzer.swift */ = {isa = PBXFileReference; lastKnownFileType = sourcecode.swift; path = WordAnalyzer.swift; sourceTree = "<group>"; };
		46EF66D82EFF391E00DE6C0A /* TimeRange.swift */ = {isa = PBXFileReference; lastKnownFileType = sourcecode.swift; path = TimeRange.swift; sourceTree = "<group>"; };
		46EF66DA2EFF391E00DE6C0A /* ErrorView.swift */ = {isa = PBXFileReference; lastKnownFileType = sourcecode.swift; path = ErrorView.swift; sourceTree = "<group>"; };
		46EF66DB2EFF391E00DE6C0A /* LoadingView.swift */ = {isa = PBXFileReference; lastKnownFileType = sourcecode.swift; path = LoadingView.swift; sourceTree = "<group>"; };
		46EF66DC2EFF391E00DE6C0A /* ToastView.swift */ = {isa = PBXFileReference; lastKnownFileType = sourcecode.swift; path = ToastView.swift; sourceTree = "<group>"; };
		46EF66DE2EFF391E00DE6C0A /* HistoryTab.swift */ = {isa = PBXFileReference; lastKnownFileType = sourcecode.swift; path = HistoryTab.swift; sourceTree = "<group>"; };
		46EF66DF2EFF391E00DE6C0A /* HomeTab.swift */ = {isa = PBXFileReference; lastKnownFileType = sourcecode.swift; path = HomeTab.swift; sourceTree = "<group>"; };
		46EF66E02EFF391E00DE6C0A /* OverviewTab.swift */ = {isa = PBXFileReference; lastKnownFileType = sourcecode.swift; path = OverviewTab.swift; sourceTree = "<group>"; };
		46EF66E12EFF391E00DE6C0A /* SettingsTab.swift */ = {isa = PBXFileReference; lastKnownFileType = sourcecode.swift; path = SettingsTab.swift; sourceTree = "<group>"; };
		46EF66E32EFF391E00DE6C0A /* DataManagementView.swift */ = {isa = PBXFileReference; lastKnownFileType = sourcecode.swift; path = DataManagementView.swift; sourceTree = "<group>"; };
		46EF66E42EFF391E00DE6C0A /* PermissionsView.swift */ = {isa = PBXFileReference; lastKnownFileType = sourcecode.swift; path = PermissionsView.swift; sourceTree = "<group>"; };
		46EF673C2EFF469700DE6C0A /* AISettingsView.swift */ = {isa = PBXFileReference; lastKnownFileType = sourcecode.swift; path = AISettingsView.swift; sourceTree = "<group>"; };
		46EF673D2EFF469700DE6C0A /* DataSettingsView.swift */ = {isa = PBXFileReference; lastKnownFileType = sourcecode.swift; path = DataSettingsView.swift; sourceTree = "<group>"; };
		46EF673E2EFF469700DE6C0A /* EngineSelectionRow.swift */ = {isa = PBXFileReference; lastKnownFileType = sourcecode.swift; path = EngineSelectionRow.swift; sourceTree = "<group>"; };
		46EF673F2EFF469700DE6C0A /* ExternalAPISettingsView.swift */ = {isa = PBXFileReference; lastKnownFileType = sourcecode.swift; path = ExternalAPISettingsView.swift; sourceTree = "<group>"; };
		46EF67402EFF469700DE6C0A /* LanguageSettingsView.swift */ = {isa = PBXFileReference; lastKnownFileType = sourcecode.swift; path = LanguageSettingsView.swift; sourceTree = "<group>"; };
		46EF67412EFF469700DE6C0A /* OnDeviceEnginesView.swift */ = {isa = PBXFileReference; lastKnownFileType = sourcecode.swift; path = OnDeviceEnginesView.swift; sourceTree = "<group>"; };
		46EF67422EFF469700DE6C0A /* PrivacySettingsView.swift */ = {isa = PBXFileReference; lastKnownFileType = sourcecode.swift; path = PrivacySettingsView.swift; sourceTree = "<group>"; };
		46EF67432EFF469700DE6C0A /* RecordingSettingsView.swift */ = {isa = PBXFileReference; lastKnownFileType = sourcecode.swift; path = RecordingSettingsView.swift; sourceTree = "<group>"; };
		46EF67442EFF469700DE6C0A /* StatisticsView.swift */ = {isa = PBXFileReference; lastKnownFileType = sourcecode.swift; path = StatisticsView.swift; sourceTree = "<group>"; };
		46EF67452EFF469700DE6C0A /* SummaryQualityCard.swift */ = {isa = PBXFileReference; lastKnownFileType = sourcecode.swift; path = SummaryQualityCard.swift; sourceTree = "<group>"; };
		46EF67512EFF49C600DE6C0A /* SessionDetailView.swift */ = {isa = PBXFileReference; lastKnownFileType = sourcecode.swift; path = SessionDetailView.swift; sourceTree = "<group>"; };
		46EF67542EFF4AB400DE6C0A /* RecordingDetailView.swift */ = {isa = PBXFileReference; lastKnownFileType = sourcecode.swift; path = RecordingDetailView.swift; sourceTree = "<group>"; };
		46EF67562EFF4B6500DE6C0A /* TranscriptChunkView.swift */ = {isa = PBXFileReference; lastKnownFileType = sourcecode.swift; path = TranscriptChunkView.swift; sourceTree = "<group>"; };
		46EF675B2EFF4CE700DE6C0A /* OverviewSummaryCard.swift */ = {isa = PBXFileReference; lastKnownFileType = sourcecode.swift; path = OverviewSummaryCard.swift; sourceTree = "<group>"; };
		46EF67642EFF4E5000DE6C0A /* GeneratePeriodSummaryCard.swift */ = {isa = PBXFileReference; lastKnownFileType = sourcecode.swift; path = GeneratePeriodSummaryCard.swift; sourceTree = "<group>"; };
		46EF67652EFF4E5000DE6C0A /* PeriodSummaryCard.swift */ = {isa = PBXFileReference; lastKnownFileType = sourcecode.swift; path = PeriodSummaryCard.swift; sourceTree = "<group>"; };
		46EF67662EFF4E5000DE6C0A /* SessionSummaryCard.swift */ = {isa = PBXFileReference; lastKnownFileType = sourcecode.swift; path = SessionSummaryCard.swift; sourceTree = "<group>"; };
		46EF676C2EFF792A00DE6C0A /* YearWrappedCard.swift */ = {isa = PBXFileReference; lastKnownFileType = sourcecode.swift; path = YearWrappedCard.swift; sourceTree = "<group>"; };
		46EF676E2EFF79D400DE6C0A /* GenerateYearWrapCard.swift */ = {isa = PBXFileReference; lastKnownFileType = sourcecode.swift; path = GenerateYearWrapCard.swift; sourceTree = "<group>"; };
		46EF67702EFF7A8600DE6C0A /* StatCard.swift */ = {isa = PBXFileReference; lastKnownFileType = sourcecode.swift; path = StatCard.swift; sourceTree = "<group>"; };
		46EF67722EFF7B0F00DE6C0A /* YearInsightsView.swift */ = {isa = PBXFileReference; lastKnownFileType = sourcecode.swift; path = YearInsightsView.swift; sourceTree = "<group>"; };
		46EF67752EFF7B5300DE6C0A /* MonthInsightsView.swift */ = {isa = PBXFileReference; lastKnownFileType = sourcecode.swift; path = MonthInsightsView.swift; sourceTree = "<group>"; };
		46EF67772EFF7B8A00DE6C0A /* HistoricalDataView.swift */ = {isa = PBXFileReference; lastKnownFileType = sourcecode.swift; path = HistoricalDataView.swift; sourceTree = "<group>"; };
		46EF67792EFF7BC700DE6C0A /* TopicTagsView.swift */ = {isa = PBXFileReference; lastKnownFileType = sourcecode.swift; path = TopicTagsView.swift; sourceTree = "<group>"; };
		46EF677B2EFF7C1900DE6C0A /* IntelligenceEngineView.swift */ = {isa = PBXFileReference; lastKnownFileType = sourcecode.swift; path = IntelligenceEngineView.swift; sourceTree = "<group>"; };
		47408049BA4C55795D819D9D /* ContentView.swift */ = {isa = PBXFileReference; lastKnownFileType = sourcecode.swift; path = ContentView.swift; sourceTree = "<group>"; };
		4B2C3D4E5F6G7H8I9J0K1L2M /* StopWords.swift */ = {isa = PBXFileReference; lastKnownFileType = sourcecode.swift; path = StopWords.swift; sourceTree = "<group>"; };
		4BFA9A8C0292221E0BD75A6D /* InsightsRollup */ = {isa = PBXFileReference; lastKnownFileType = folder; name = InsightsRollup; path = Packages/InsightsRollup; sourceTree = SOURCE_ROOT; };
		4C9255CE1AB102B4DF974A24 /* Storage */ = {isa = PBXFileReference; lastKnownFileType = folder; name = Storage; path = Packages/Storage; sourceTree = SOURCE_ROOT; };
		5B2BD93126F9D9A4E30A6483 /* SwiftUI.framework */ = {isa = PBXFileReference; lastKnownFileType = wrapper.framework; name = SwiftUI.framework; path = System/Library/Frameworks/SwiftUI.framework; sourceTree = SDKROOT; };
		77C5EF04CEB54A1460DC0F2A /* Info.plist */ = {isa = PBXFileReference; lastKnownFileType = text.plist; path = Info.plist; sourceTree = "<group>"; };
		8066CFE3A2B06F1666440F97 /* SharedModels */ = {isa = PBXFileReference; lastKnownFileType = folder; name = SharedModels; path = Packages/SharedModels; sourceTree = SOURCE_ROOT; };
		A21F94DB4A9093E1953F782B /* AudioCapture */ = {isa = PBXFileReference; lastKnownFileType = folder; name = AudioCapture; path = Packages/AudioCapture; sourceTree = SOURCE_ROOT; };
		A2364FBAC7DF6A4134CC8A43 /* Info.plist */ = {isa = PBXFileReference; lastKnownFileType = text.plist; path = Info.plist; sourceTree = "<group>"; };
		BC7B84119E24CB9BFB92A171 /* Entitlements.entitlements */ = {isa = PBXFileReference; lastKnownFileType = text.plist.entitlements; path = Entitlements.entitlements; sourceTree = "<group>"; };
		C7E753E38B3B07C29F32F98D /* WidgetCore */ = {isa = PBXFileReference; lastKnownFileType = folder; name = WidgetCore; path = Packages/WidgetCore; sourceTree = SOURCE_ROOT; };
		CE4CD365415267B2AFBBA60B /* LifeWrappedWidget.appex */ = {isa = PBXFileReference; includeInIndex = 0; lastKnownFileType = "wrapper.app-extension"; path = LifeWrappedWidget.appex; sourceTree = BUILT_PRODUCTS_DIR; };
		D8A7D9951119195D635799E7 /* AppCoordinator.swift */ = {isa = PBXFileReference; lastKnownFileType = sourcecode.swift; path = AppCoordinator.swift; sourceTree = "<group>"; };
/* End PBXFileReference section */

/* Begin PBXFrameworksBuildPhase section */
		5E571CA2A4CC0C39FBCFCCE2 /* Frameworks */ = {
			isa = PBXFrameworksBuildPhase;
			buildActionMask = 2147483647;
			files = (
				B563ACAF356FCFFCB92306CA /* SharedModels in Frameworks */,
				AE95A6904C8E62C2C740C797 /* Storage in Frameworks */,
				0102D045CCDDF9C0A6F41067 /* InsightsRollup in Frameworks */,
				65E37633E53CFCDAF51555A2 /* WidgetCore in Frameworks */,
				2719E959356B301B429501F6 /* WidgetKit.framework in Frameworks */,
				DFAE398E797D760D03FC06F0 /* SwiftUI.framework in Frameworks */,
			);
			runOnlyForDeploymentPostprocessing = 0;
		};
		8434CD72ED30A3C8690B9FE3 /* Frameworks */ = {
			isa = PBXFrameworksBuildPhase;
			buildActionMask = 2147483647;
			files = (
				E5F4BFB6621EA617BAFB066C /* SharedModels in Frameworks */,
				0993883A171BF6411B15550A /* Storage in Frameworks */,
				3B10D378939DF4E006FAA89F /* AudioCapture in Frameworks */,
				8614AA83FE5CD46AA62101C1 /* Transcription in Frameworks */,
				B09D1A34297F3DCFB55F9913 /* Summarization in Frameworks */,
				8B16021E501A9E387763799F /* InsightsRollup in Frameworks */,
				7BA5A8AD558048166720D159 /* WidgetCore in Frameworks */,
			);
			runOnlyForDeploymentPostprocessing = 0;
		};
/* End PBXFrameworksBuildPhase section */

/* Begin PBXGroup section */
		1DBB8D0ABAB53A6AE528F4AD /* App */ = {
			isa = PBXGroup;
			children = (
				46EF67522EFF49C600DE6C0A /* Details */,
				46EF67462EFF469700DE6C0A /* Settings */,
				46EF66D22EFF391E00DE6C0A /* Components */,
				46EF66D72EFF391E00DE6C0A /* Helpers */,
				46EF66D92EFF391E00DE6C0A /* Models */,
				46EF66E52EFF391E00DE6C0A /* Views */,
				47408049BA4C55795D819D9D /* ContentView.swift */,
				35B5374C073975AB930C84D7 /* LifeWrappedApp.swift */,
				5C6D7E8F9G0H1I2J3K4L5M6N /* Constants */,
				DE26631D9D076574CFFC015F /* Coordinators */,
				EEFEC05EA185B9B9A3D0A429 /* Resources */,
			);
			path = App;
			sourceTree = "<group>";
		};
		3E9270F723F2E94ECF04E082 /* Products */ = {
			isa = PBXGroup;
			children = (
				240FB3461A42E1AD0DD2178B /* LifeWrapped.app */,
				CE4CD365415267B2AFBBA60B /* LifeWrappedWidget.appex */,
			);
			name = Products;
			sourceTree = "<group>";
		};
		46EF66C52EFF391E00DE6C0A /* Loading */ = {
			isa = PBXGroup;
			children = (
				46EF66C42EFF391E00DE6C0A /* LoadingOverlay.swift */,
			);
			path = Loading;
			sourceTree = "<group>";
		};
		46EF66C92EFF391E00DE6C0A /* Recording */ = {
			isa = PBXGroup;
			children = (
				46EF66C62EFF391E00DE6C0A /* RecordingButton.swift */,
				46EF66C72EFF391E00DE6C0A /* SiriWave.swift */,
				46EF66C82EFF391E00DE6C0A /* SiriWaveView.swift */,
			);
			path = Recording;
			sourceTree = "<group>";
		};
		46EF66CD2EFF391E00DE6C0A /* Rows */ = {
			isa = PBXGroup;
			children = (
				46EF66CA2EFF391E00DE6C0A /* RecordingRow.swift */,
				46EF66CB2EFF391E00DE6C0A /* SessionRow.swift */,
				46EF66CC2EFF391E00DE6C0A /* SessionRowClean.swift */,
			);
			path = Rows;
			sourceTree = "<group>";
		};
		46EF66D12EFF391E00DE6C0A /* Shared */ = {
			isa = PBXGroup;
			children = (
				46EF66CE2EFF391E00DE6C0A /* InfoRow.swift */,
				46EF66CF2EFF391E00DE6C0A /* StatusPill.swift */,
				46EF66D02EFF391E00DE6C0A /* StreakDisplay.swift */,
			);
			path = Shared;
			sourceTree = "<group>";
		};
		46EF66D22EFF391E00DE6C0A /* Components */ = {
			isa = PBXGroup;
			children = (
				46EF675C2EFF4CE700DE6C0A /* Cards */,
				46EF66C52EFF391E00DE6C0A /* Loading */,
				46EF66C92EFF391E00DE6C0A /* Recording */,
				46EF66CD2EFF391E00DE6C0A /* Rows */,
				46EF66D12EFF391E00DE6C0A /* Shared */,
			);
			path = Components;
			sourceTree = "<group>";
		};
		46EF66D72EFF391E00DE6C0A /* Helpers */ = {
			isa = PBXGroup;
			children = (
				46EF66D32EFF391E00DE6C0A /* Extensions.swift */,
				46EF66D42EFF391E00DE6C0A /* KeychainHelper.swift */,
				46EF66D52EFF391E00DE6C0A /* WiggleModifier.swift */,
				46EF66D62EFF391E00DE6C0A /* WordAnalyzer.swift */,
			);
			path = Helpers;
			sourceTree = "<group>";
		};
		46EF66D92EFF391E00DE6C0A /* Models */ = {
			isa = PBXGroup;
			children = (
				46EF66D82EFF391E00DE6C0A /* TimeRange.swift */,
			);
			path = Models;
			sourceTree = "<group>";
		};
		46EF66DD2EFF391E00DE6C0A /* Components */ = {
			isa = PBXGroup;
			children = (
				46EF66DA2EFF391E00DE6C0A /* ErrorView.swift */,
				46EF66DB2EFF391E00DE6C0A /* LoadingView.swift */,
				46EF66DC2EFF391E00DE6C0A /* ToastView.swift */,
			);
			path = Components;
			sourceTree = "<group>";
		};
		46EF66E22EFF391E00DE6C0A /* Tabs */ = {
			isa = PBXGroup;
			children = (
				46EF66DE2EFF391E00DE6C0A /* HistoryTab.swift */,
				46EF66DF2EFF391E00DE6C0A /* HomeTab.swift */,
				46EF66E02EFF391E00DE6C0A /* OverviewTab.swift */,
				46EF66E12EFF391E00DE6C0A /* SettingsTab.swift */,
			);
			path = Tabs;
			sourceTree = "<group>";
		};
		46EF66E52EFF391E00DE6C0A /* Views */ = {
			isa = PBXGroup;
			children = (
				46EF677C2EFF7C1900DE6C0A /* AI */,
				46EF67732EFF7B0F00DE6C0A /* Insights */,
				46EF66DD2EFF391E00DE6C0A /* Components */,
				46EF66E22EFF391E00DE6C0A /* Tabs */,
				46EF66E32EFF391E00DE6C0A /* DataManagementView.swift */,
				46EF66E42EFF391E00DE6C0A /* PermissionsView.swift */,
			);
			path = Views;
			sourceTree = "<group>";
		};
		46EF67462EFF469700DE6C0A /* Settings */ = {
			isa = PBXGroup;
			children = (
				46EF673C2EFF469700DE6C0A /* AISettingsView.swift */,
				46EF673D2EFF469700DE6C0A /* DataSettingsView.swift */,
				46EF673E2EFF469700DE6C0A /* EngineSelectionRow.swift */,
				46EF673F2EFF469700DE6C0A /* ExternalAPISettingsView.swift */,
				46EF67402EFF469700DE6C0A /* LanguageSettingsView.swift */,
				46EF67412EFF469700DE6C0A /* OnDeviceEnginesView.swift */,
				46EF67422EFF469700DE6C0A /* PrivacySettingsView.swift */,
				46EF67432EFF469700DE6C0A /* RecordingSettingsView.swift */,
				46EF67442EFF469700DE6C0A /* StatisticsView.swift */,
				46EF67452EFF469700DE6C0A /* SummaryQualityCard.swift */,
			);
			path = Settings;
			sourceTree = "<group>";
		};
		46EF67522EFF49C600DE6C0A /* Details */ = {
			isa = PBXGroup;
			children = (
				46EF67512EFF49C600DE6C0A /* SessionDetailView.swift */,
				46EF67542EFF4AB400DE6C0A /* RecordingDetailView.swift */,
				46EF67562EFF4B6500DE6C0A /* TranscriptChunkView.swift */,
			);
			path = Details;
			sourceTree = "<group>";
		};
		46EF675C2EFF4CE700DE6C0A /* Cards */ = {
			isa = PBXGroup;
			children = (
				46EF67702EFF7A8600DE6C0A /* StatCard.swift */,
				46EF676E2EFF79D400DE6C0A /* GenerateYearWrapCard.swift */,
				46EF676C2EFF792A00DE6C0A /* YearWrappedCard.swift */,
				46EF67642EFF4E5000DE6C0A /* GeneratePeriodSummaryCard.swift */,
				46EF67652EFF4E5000DE6C0A /* PeriodSummaryCard.swift */,
				46EF67662EFF4E5000DE6C0A /* SessionSummaryCard.swift */,
				46EF675B2EFF4CE700DE6C0A /* OverviewSummaryCard.swift */,
			);
			path = Cards;
			sourceTree = "<group>";
		};
		46EF67732EFF7B0F00DE6C0A /* Insights */ = {
			isa = PBXGroup;
			children = (
				46EF67792EFF7BC700DE6C0A /* TopicTagsView.swift */,
				46EF67772EFF7B8A00DE6C0A /* HistoricalDataView.swift */,
				46EF67752EFF7B5300DE6C0A /* MonthInsightsView.swift */,
				46EF67722EFF7B0F00DE6C0A /* YearInsightsView.swift */,
			);
			path = Insights;
			sourceTree = "<group>";
		};
		46EF677C2EFF7C1900DE6C0A /* AI */ = {
			isa = PBXGroup;
			children = (
				46EF677B2EFF7C1900DE6C0A /* IntelligenceEngineView.swift */,
			);
			path = AI;
			sourceTree = "<group>";
		};
		5C6D7E8F9G0H1I2J3K4L5M6N /* Constants */ = {
			isa = PBXGroup;
			children = (
				4B2C3D4E5F6G7H8I9J0K1L2M /* StopWords.swift */,
			);
			path = Constants;
			sourceTree = "<group>";
		};
		AA4F27C9692EA729DDA632EA = {
			isa = PBXGroup;
			children = (
				1DBB8D0ABAB53A6AE528F4AD /* App */,
				BB2CBF013343BDECF27FFC31 /* Packages */,
				DA1F14E43DC88CFBF29C46B1 /* WidgetExtension */,
				B387CBB1DDBDC1C214C195D9 /* Frameworks */,
				3E9270F723F2E94ECF04E082 /* Products */,
			);
			sourceTree = "<group>";
		};
		B387CBB1DDBDC1C214C195D9 /* Frameworks */ = {
			isa = PBXGroup;
			children = (
				5B2BD93126F9D9A4E30A6483 /* SwiftUI.framework */,
				2CBE511C20A8C5633211A25E /* WidgetKit.framework */,
			);
			name = Frameworks;
			sourceTree = "<group>";
		};
		BB2CBF013343BDECF27FFC31 /* Packages */ = {
			isa = PBXGroup;
			children = (
				A21F94DB4A9093E1953F782B /* AudioCapture */,
				4BFA9A8C0292221E0BD75A6D /* InsightsRollup */,
				8066CFE3A2B06F1666440F97 /* SharedModels */,
				4C9255CE1AB102B4DF974A24 /* Storage */,
				0FD9013A86B8D02440ABE02C /* Summarization */,
				0AA3EF4F58E1A39F2F4433DC /* Transcription */,
				C7E753E38B3B07C29F32F98D /* WidgetCore */,
			);
			path = Packages;
			sourceTree = "<group>";
		};
		DA1F14E43DC88CFBF29C46B1 /* WidgetExtension */ = {
			isa = PBXGroup;
			children = (
				A2364FBAC7DF6A4134CC8A43 /* Info.plist */,
				0237823FD9B25D17A3195722 /* LifeWrappedWidget.swift */,
			);
			path = WidgetExtension;
			sourceTree = "<group>";
		};
		DE26631D9D076574CFFC015F /* Coordinators */ = {
			isa = PBXGroup;
			children = (
				D8A7D9951119195D635799E7 /* AppCoordinator.swift */,
			);
			path = Coordinators;
			sourceTree = "<group>";
		};
		EEFEC05EA185B9B9A3D0A429 /* Resources */ = {
			isa = PBXGroup;
			children = (
				BC7B84119E24CB9BFB92A171 /* Entitlements.entitlements */,
				77C5EF04CEB54A1460DC0F2A /* Info.plist */,
			);
			path = Resources;
			sourceTree = "<group>";
		};
/* End PBXGroup section */

/* Begin PBXNativeTarget section */
		0B3E1D81B97997FA30362587 /* LifeWrapped */ = {
			isa = PBXNativeTarget;
			buildConfigurationList = 5B0A4D6742266D752884FD39 /* Build configuration list for PBXNativeTarget "LifeWrapped" */;
			buildPhases = (
				6FBBEECDDE74F909F214D62C /* Sources */,
				8434CD72ED30A3C8690B9FE3 /* Frameworks */,
				864DAA9114CB2B9FFC694CD4 /* Embed Foundation Extensions */,
			);
			buildRules = (
			);
			dependencies = (
				1D4C2209AD7BD27BA0BED453 /* PBXTargetDependency */,
			);
			name = LifeWrapped;
			packageProductDependencies = (
				5164369DCEB7F287DDFA1A0C /* SharedModels */,
				F880C26B6A3AA9A3D31EE4D9 /* Storage */,
				B68C413BD4D27BF71ED299E5 /* AudioCapture */,
				3E9E7AFD4C6A5ED1BB07B95D /* Transcription */,
				D3EE294EB38CFB9FDFAE6BCE /* Summarization */,
				004017B294387272A17D9463 /* InsightsRollup */,
				A1A443B442D310CEA654D85D /* WidgetCore */,
			);
			productName = LifeWrapped;
			productReference = 240FB3461A42E1AD0DD2178B /* LifeWrapped.app */;
			productType = "com.apple.product-type.application";
		};
		C2920333D7915E05BCC0A924 /* LifeWrappedWidget */ = {
			isa = PBXNativeTarget;
			buildConfigurationList = 9A4BA5A4F122DB3580E2B6F4 /* Build configuration list for PBXNativeTarget "LifeWrappedWidget" */;
			buildPhases = (
				CA9DB9E56C675D580121BCE9 /* Sources */,
				5E571CA2A4CC0C39FBCFCCE2 /* Frameworks */,
			);
			buildRules = (
			);
			dependencies = (
			);
			name = LifeWrappedWidget;
			packageProductDependencies = (
				CA3DCC7908C3EAF40858A0FB /* SharedModels */,
				3AC00A8D34DD43FEB8110721 /* Storage */,
				2767C43F89A29AB2EBA6ADF2 /* InsightsRollup */,
				A34D06F783FED7A00B324107 /* WidgetCore */,
			);
			productName = LifeWrappedWidget;
			productReference = CE4CD365415267B2AFBBA60B /* LifeWrappedWidget.appex */;
			productType = "com.apple.product-type.app-extension";
		};
/* End PBXNativeTarget section */

/* Begin PBXProject section */
		6F8F3F3B4FF654BDFBE10870 /* Project object */ = {
			isa = PBXProject;
			attributes = {
				BuildIndependentTargetsInParallel = YES;
				LastUpgradeCheck = 2610;
				TargetAttributes = {
					0B3E1D81B97997FA30362587 = {
						DevelopmentTeam = 4UTX6M438C;
						ProvisioningStyle = Automatic;
					};
					C2920333D7915E05BCC0A924 = {
						DevelopmentTeam = 4UTX6M438C;
						ProvisioningStyle = Automatic;
					};
				};
			};
			buildConfigurationList = E227AF43CC9B2D862C87EEA7 /* Build configuration list for PBXProject "LifeWrapped" */;
			compatibilityVersion = "Xcode 14.0";
			developmentRegion = en;
			hasScannedForEncodings = 0;
			knownRegions = (
				Base,
				en,
			);
			mainGroup = AA4F27C9692EA729DDA632EA;
			minimizedProjectReferenceProxies = 1;
			packageReferences = (
				4D754DE42878205E72A9AC79 /* XCLocalSwiftPackageReference "Packages/AudioCapture" */,
				E2904717F6A8C8E9C45F9730 /* XCLocalSwiftPackageReference "Packages/InsightsRollup" */,
				02D8BAF21912F2D47D5AACC7 /* XCLocalSwiftPackageReference "Packages/SharedModels" */,
				49D1508E1F7F1B06FAD33759 /* XCLocalSwiftPackageReference "Packages/Storage" */,
				DD0FAD72A9ACE6E6B8E0E128 /* XCLocalSwiftPackageReference "Packages/Summarization" */,
				71015CF0937723FDBED548DF /* XCLocalSwiftPackageReference "Packages/Transcription" */,
				D0F826A35D149D928EF0E855 /* XCLocalSwiftPackageReference "Packages/WidgetCore" */,
			);
			projectDirPath = "";
			projectRoot = "";
			targets = (
				0B3E1D81B97997FA30362587 /* LifeWrapped */,
				C2920333D7915E05BCC0A924 /* LifeWrappedWidget */,
			);
		};
/* End PBXProject section */

/* Begin PBXSourcesBuildPhase section */
		6FBBEECDDE74F909F214D62C /* Sources */ = {
			isa = PBXSourcesBuildPhase;
			buildActionMask = 2147483647;
			files = (
				839655CED6082F42EFFC8CBC /* AppCoordinator.swift in Sources */,
				46EF67472EFF469700DE6C0A /* LanguageSettingsView.swift in Sources */,
				46EF67482EFF469700DE6C0A /* RecordingSettingsView.swift in Sources */,
				46EF67492EFF469700DE6C0A /* OnDeviceEnginesView.swift in Sources */,
				46EF674A2EFF469700DE6C0A /* AISettingsView.swift in Sources */,
				46EF674B2EFF469700DE6C0A /* DataSettingsView.swift in Sources */,
				46EF674C2EFF469700DE6C0A /* StatisticsView.swift in Sources */,
				46EF674D2EFF469700DE6C0A /* SummaryQualityCard.swift in Sources */,
				46EF674E2EFF469700DE6C0A /* EngineSelectionRow.swift in Sources */,
				46EF674F2EFF469700DE6C0A /* PrivacySettingsView.swift in Sources */,
				46EF67572EFF4B6500DE6C0A /* TranscriptChunkView.swift in Sources */,
				46EF67502EFF469700DE6C0A /* ExternalAPISettingsView.swift in Sources */,
				4542A997CBA0AE57206FA214 /* ContentView.swift in Sources */,
				46EF66E62EFF391E00DE6C0A /* KeychainHelper.swift in Sources */,
				46EF66E72EFF391E00DE6C0A /* PermissionsView.swift in Sources */,
				46EF67712EFF7A8600DE6C0A /* StatCard.swift in Sources */,
				46EF66E82EFF391E00DE6C0A /* SiriWave.swift in Sources */,
				46EF66E92EFF391E00DE6C0A /* SessionRowClean.swift in Sources */,
				46EF66EA2EFF391E00DE6C0A /* RecordingButton.swift in Sources */,
				46EF677A2EFF7BC700DE6C0A /* TopicTagsView.swift in Sources */,
				46EF66EB2EFF391E00DE6C0A /* WordAnalyzer.swift in Sources */,
				46EF66EC2EFF391E00DE6C0A /* SessionRow.swift in Sources */,
				46EF66ED2EFF391E00DE6C0A /* OverviewTab.swift in Sources */,
				46EF66EE2EFF391E00DE6C0A /* RecordingRow.swift in Sources */,
				46EF676D2EFF792A00DE6C0A /* YearWrappedCard.swift in Sources */,
				46EF67782EFF7B8A00DE6C0A /* HistoricalDataView.swift in Sources */,
				46EF67742EFF7B0F00DE6C0A /* YearInsightsView.swift in Sources */,
				46EF67672EFF4E5000DE6C0A /* SessionSummaryCard.swift in Sources */,
				46EF67682EFF4E5000DE6C0A /* PeriodSummaryCard.swift in Sources */,
				46EF67692EFF4E5000DE6C0A /* GeneratePeriodSummaryCard.swift in Sources */,
				46EF66EF2EFF391E00DE6C0A /* Extensions.swift in Sources */,
				46EF66F02EFF391E00DE6C0A /* WiggleModifier.swift in Sources */,
				46EF66F12EFF391E00DE6C0A /* InfoRow.swift in Sources */,
				46EF66F22EFF391E00DE6C0A /* DataManagementView.swift in Sources */,
				46EF66F32EFF391E00DE6C0A /* ToastView.swift in Sources */,
				46EF66F42EFF391E00DE6C0A /* StatusPill.swift in Sources */,
				46EF66F52EFF391E00DE6C0A /* SettingsTab.swift in Sources */,
				46EF66F62EFF391E00DE6C0A /* ErrorView.swift in Sources */,
				46EF677D2EFF7C1900DE6C0A /* IntelligenceEngineView.swift in Sources */,
				46EF66F72EFF391E00DE6C0A /* LoadingOverlay.swift in Sources */,
				46EF66F82EFF391E00DE6C0A /* LoadingView.swift in Sources */,
				46EF67552EFF4AB400DE6C0A /* RecordingDetailView.swift in Sources */,
				46EF676F2EFF79D400DE6C0A /* GenerateYearWrapCard.swift in Sources */,
				46EF66F92EFF391E00DE6C0A /* TimeRange.swift in Sources */,
				46EF66FA2EFF391E00DE6C0A /* SiriWaveView.swift in Sources */,
				46EF66FB2EFF391E00DE6C0A /* HistoryTab.swift in Sources */,
				46EF66FC2EFF391E00DE6C0A /* HomeTab.swift in Sources */,
				46EF66FD2EFF391E00DE6C0A /* StreakDisplay.swift in Sources */,
				244A734639F00E2AE85D6920 /* LifeWrappedApp.swift in Sources */,
				46EF67532EFF49C600DE6C0A /* SessionDetailView.swift in Sources */,
				4A1B2C3D4E5F6G7H8I9J0K1L /* StopWords.swift in Sources */,
				46EF67762EFF7B5300DE6C0A /* MonthInsightsView.swift in Sources */,
				46EF675D2EFF4CE700DE6C0A /* OverviewSummaryCard.swift in Sources */,
			);
			runOnlyForDeploymentPostprocessing = 0;
		};
		CA9DB9E56C675D580121BCE9 /* Sources */ = {
			isa = PBXSourcesBuildPhase;
			buildActionMask = 2147483647;
			files = (
				1EB67F9F4DDCF27E95700FB5 /* LifeWrappedWidget.swift in Sources */,
			);
			runOnlyForDeploymentPostprocessing = 0;
		};
/* End PBXSourcesBuildPhase section */

/* Begin PBXTargetDependency section */
		1D4C2209AD7BD27BA0BED453 /* PBXTargetDependency */ = {
			isa = PBXTargetDependency;
			target = C2920333D7915E05BCC0A924 /* LifeWrappedWidget */;
			targetProxy = 894892F8012FB66ACCB75203 /* PBXContainerItemProxy */;
		};
/* End PBXTargetDependency section */

/* Begin XCBuildConfiguration section */
		23ECD8668A1BFC3D3C312850 /* Release */ = {
			isa = XCBuildConfiguration;
			buildSettings = {
				ASSETCATALOG_COMPILER_APPICON_NAME = AppIcon;
				CODE_SIGN_ENTITLEMENTS = App/Resources/Entitlements.entitlements;
				CODE_SIGN_IDENTITY = "iPhone Developer";
				CODE_SIGN_STYLE = Automatic;
				CURRENT_PROJECT_VERSION = 1;
				DEVELOPMENT_TEAM = 4UTX6M438C;
				INFOPLIST_FILE = App/Resources/Info.plist;
				IPHONEOS_DEPLOYMENT_TARGET = 18.0;
				LD_RUNPATH_SEARCH_PATHS = (
					"$(inherited)",
					"@executable_path/Frameworks",
				);
				MARKETING_VERSION = 1.0;
				PRODUCT_BUNDLE_IDENTIFIER = com.jsayram.lifewrapped;
				SDKROOT = iphoneos;
				SUPPORTS_MACCATALYST = NO;
				TARGETED_DEVICE_FAMILY = "1,2";
				xcconfig = Config/Release.xcconfig;
			};
			name = Release;
		};
		2690078A7C6CDE37AE78AF7A /* Debug */ = {
			isa = XCBuildConfiguration;
			buildSettings = {
				ALWAYS_SEARCH_USER_PATHS = NO;
				CLANG_ANALYZER_NONNULL = YES;
				CLANG_ANALYZER_NUMBER_OBJECT_CONVERSION = YES_AGGRESSIVE;
				CLANG_CXX_LANGUAGE_STANDARD = "gnu++14";
				CLANG_CXX_LIBRARY = "libc++";
				CLANG_ENABLE_MODULES = YES;
				CLANG_ENABLE_OBJC_ARC = YES;
				CLANG_ENABLE_OBJC_WEAK = YES;
				CLANG_WARN_BLOCK_CAPTURE_AUTORELEASING = YES;
				CLANG_WARN_BOOL_CONVERSION = YES;
				CLANG_WARN_COMMA = YES;
				CLANG_WARN_CONSTANT_CONVERSION = YES;
				CLANG_WARN_DEPRECATED_OBJC_IMPLEMENTATIONS = YES;
				CLANG_WARN_DIRECT_OBJC_ISA_USAGE = YES_ERROR;
				CLANG_WARN_DOCUMENTATION_COMMENTS = YES;
				CLANG_WARN_EMPTY_BODY = YES;
				CLANG_WARN_ENUM_CONVERSION = YES;
				CLANG_WARN_INFINITE_RECURSION = YES;
				CLANG_WARN_INT_CONVERSION = YES;
				CLANG_WARN_NON_LITERAL_NULL_CONVERSION = YES;
				CLANG_WARN_OBJC_IMPLICIT_RETAIN_SELF = YES;
				CLANG_WARN_OBJC_LITERAL_CONVERSION = YES;
				CLANG_WARN_OBJC_ROOT_CLASS = YES_ERROR;
				CLANG_WARN_QUOTED_INCLUDE_IN_FRAMEWORK_HEADER = YES;
				CLANG_WARN_RANGE_LOOP_ANALYSIS = YES;
				CLANG_WARN_STRICT_PROTOTYPES = YES;
				CLANG_WARN_SUSPICIOUS_MOVE = YES;
				CLANG_WARN_UNGUARDED_AVAILABILITY = YES_AGGRESSIVE;
				CLANG_WARN_UNREACHABLE_CODE = YES;
				CLANG_WARN__DUPLICATE_METHOD_MATCH = YES;
				COPY_PHASE_STRIP = NO;
				DEBUG_INFORMATION_FORMAT = dwarf;
				ENABLE_STRICT_OBJC_MSGSEND = YES;
				ENABLE_TESTABILITY = YES;
				GCC_C_LANGUAGE_STANDARD = gnu11;
				GCC_DYNAMIC_NO_PIC = NO;
				GCC_NO_COMMON_BLOCKS = YES;
				GCC_OPTIMIZATION_LEVEL = 0;
				GCC_PREPROCESSOR_DEFINITIONS = (
					"$(inherited)",
					"DEBUG=1",
				);
				GCC_WARN_64_TO_32_BIT_CONVERSION = YES;
				GCC_WARN_ABOUT_RETURN_TYPE = YES_ERROR;
				GCC_WARN_UNDECLARED_SELECTOR = YES;
				GCC_WARN_UNINITIALIZED_AUTOS = YES_AGGRESSIVE;
				GCC_WARN_UNUSED_FUNCTION = YES;
				GCC_WARN_UNUSED_VARIABLE = YES;
				IPHONEOS_DEPLOYMENT_TARGET = 18.0;
				MTL_ENABLE_DEBUG_INFO = INCLUDE_SOURCE;
				MTL_FAST_MATH = YES;
				ONLY_ACTIVE_ARCH = YES;
				PRODUCT_NAME = "$(TARGET_NAME)";
				SDKROOT = iphoneos;
				SWIFT_ACTIVE_COMPILATION_CONDITIONS = DEBUG;
				SWIFT_OPTIMIZATION_LEVEL = "-Onone";
				SWIFT_STRICT_CONCURRENCY = complete;
				SWIFT_VERSION = 6.0;
			};
			name = Debug;
		};
		490E8E21D854C656A5895DFB /* Debug */ = {
			isa = XCBuildConfiguration;
			buildSettings = {
				CODE_SIGN_ENTITLEMENTS = WidgetExtension/Entitlements.entitlements;
				CODE_SIGN_STYLE = Automatic;
				CURRENT_PROJECT_VERSION = 1;
				DEVELOPMENT_TEAM = 4UTX6M438C;
				INFOPLIST_FILE = WidgetExtension/Info.plist;
				IPHONEOS_DEPLOYMENT_TARGET = 18.0;
				LD_RUNPATH_SEARCH_PATHS = (
					"$(inherited)",
					"@executable_path/Frameworks",
					"@executable_path/../../Frameworks",
				);
				MARKETING_VERSION = 1.0;
				PRODUCT_BUNDLE_IDENTIFIER = com.jsayram.lifewrapped.widget;
				SDKROOT = iphoneos;
				SKIP_INSTALL = YES;
				SUPPORTS_MACCATALYST = NO;
				TARGETED_DEVICE_FAMILY = "1,2";
				xcconfig = Config/Debug.xcconfig;
			};
			name = Debug;
		};
		6611712CDACBA09E1954918D /* Debug */ = {
			isa = XCBuildConfiguration;
			buildSettings = {
				ASSETCATALOG_COMPILER_APPICON_NAME = AppIcon;
				CODE_SIGN_ENTITLEMENTS = App/Resources/Entitlements.entitlements;
				CODE_SIGN_IDENTITY = "iPhone Developer";
				CODE_SIGN_STYLE = Automatic;
				CURRENT_PROJECT_VERSION = 1;
				DEVELOPMENT_TEAM = 4UTX6M438C;
				INFOPLIST_FILE = App/Resources/Info.plist;
				IPHONEOS_DEPLOYMENT_TARGET = 18.0;
				LD_RUNPATH_SEARCH_PATHS = (
					"$(inherited)",
					"@executable_path/Frameworks",
				);
				MARKETING_VERSION = 1.0;
				PRODUCT_BUNDLE_IDENTIFIER = com.jsayram.lifewrapped;
				SDKROOT = iphoneos;
				SUPPORTS_MACCATALYST = NO;
				TARGETED_DEVICE_FAMILY = "1,2";
				xcconfig = Config/Debug.xcconfig;
			};
			name = Debug;
		};
		8942422AAFC9D5E25162CBF9 /* Release */ = {
			isa = XCBuildConfiguration;
			buildSettings = {
				ALWAYS_SEARCH_USER_PATHS = NO;
				CLANG_ANALYZER_NONNULL = YES;
				CLANG_ANALYZER_NUMBER_OBJECT_CONVERSION = YES_AGGRESSIVE;
				CLANG_CXX_LANGUAGE_STANDARD = "gnu++14";
				CLANG_CXX_LIBRARY = "libc++";
				CLANG_ENABLE_MODULES = YES;
				CLANG_ENABLE_OBJC_ARC = YES;
				CLANG_ENABLE_OBJC_WEAK = YES;
				CLANG_WARN_BLOCK_CAPTURE_AUTORELEASING = YES;
				CLANG_WARN_BOOL_CONVERSION = YES;
				CLANG_WARN_COMMA = YES;
				CLANG_WARN_CONSTANT_CONVERSION = YES;
				CLANG_WARN_DEPRECATED_OBJC_IMPLEMENTATIONS = YES;
				CLANG_WARN_DIRECT_OBJC_ISA_USAGE = YES_ERROR;
				CLANG_WARN_DOCUMENTATION_COMMENTS = YES;
				CLANG_WARN_EMPTY_BODY = YES;
				CLANG_WARN_ENUM_CONVERSION = YES;
				CLANG_WARN_INFINITE_RECURSION = YES;
				CLANG_WARN_INT_CONVERSION = YES;
				CLANG_WARN_NON_LITERAL_NULL_CONVERSION = YES;
				CLANG_WARN_OBJC_IMPLICIT_RETAIN_SELF = YES;
				CLANG_WARN_OBJC_LITERAL_CONVERSION = YES;
				CLANG_WARN_OBJC_ROOT_CLASS = YES_ERROR;
				CLANG_WARN_QUOTED_INCLUDE_IN_FRAMEWORK_HEADER = YES;
				CLANG_WARN_RANGE_LOOP_ANALYSIS = YES;
				CLANG_WARN_STRICT_PROTOTYPES = YES;
				CLANG_WARN_SUSPICIOUS_MOVE = YES;
				CLANG_WARN_UNGUARDED_AVAILABILITY = YES_AGGRESSIVE;
				CLANG_WARN_UNREACHABLE_CODE = YES;
				CLANG_WARN__DUPLICATE_METHOD_MATCH = YES;
				COPY_PHASE_STRIP = NO;
				DEBUG_INFORMATION_FORMAT = "dwarf-with-dsym";
				ENABLE_NS_ASSERTIONS = NO;
				ENABLE_STRICT_OBJC_MSGSEND = YES;
				GCC_C_LANGUAGE_STANDARD = gnu11;
				GCC_NO_COMMON_BLOCKS = YES;
				GCC_WARN_64_TO_32_BIT_CONVERSION = YES;
				GCC_WARN_ABOUT_RETURN_TYPE = YES_ERROR;
				GCC_WARN_UNDECLARED_SELECTOR = YES;
				GCC_WARN_UNINITIALIZED_AUTOS = YES_AGGRESSIVE;
				GCC_WARN_UNUSED_FUNCTION = YES;
				GCC_WARN_UNUSED_VARIABLE = YES;
				IPHONEOS_DEPLOYMENT_TARGET = 18.0;
				MTL_ENABLE_DEBUG_INFO = NO;
				MTL_FAST_MATH = YES;
				PRODUCT_NAME = "$(TARGET_NAME)";
				SDKROOT = iphoneos;
				SWIFT_COMPILATION_MODE = wholemodule;
				SWIFT_OPTIMIZATION_LEVEL = "-O";
				SWIFT_STRICT_CONCURRENCY = complete;
				SWIFT_VERSION = 6.0;
			};
			name = Release;
		};
		DB417CB46B38C0CAE0518C65 /* Release */ = {
			isa = XCBuildConfiguration;
			buildSettings = {
				CODE_SIGN_ENTITLEMENTS = WidgetExtension/Entitlements.entitlements;
				CODE_SIGN_STYLE = Automatic;
				CURRENT_PROJECT_VERSION = 1;
				DEVELOPMENT_TEAM = 4UTX6M438C;
				INFOPLIST_FILE = WidgetExtension/Info.plist;
				IPHONEOS_DEPLOYMENT_TARGET = 18.0;
				LD_RUNPATH_SEARCH_PATHS = (
					"$(inherited)",
					"@executable_path/Frameworks",
					"@executable_path/../../Frameworks",
				);
				MARKETING_VERSION = 1.0;
				PRODUCT_BUNDLE_IDENTIFIER = com.jsayram.lifewrapped.widget;
				SDKROOT = iphoneos;
				SKIP_INSTALL = YES;
				SUPPORTS_MACCATALYST = NO;
				TARGETED_DEVICE_FAMILY = "1,2";
				xcconfig = Config/Release.xcconfig;
			};
			name = Release;
		};
/* End XCBuildConfiguration section */

/* Begin XCConfigurationList section */
		5B0A4D6742266D752884FD39 /* Build configuration list for PBXNativeTarget "LifeWrapped" */ = {
			isa = XCConfigurationList;
			buildConfigurations = (
				6611712CDACBA09E1954918D /* Debug */,
				23ECD8668A1BFC3D3C312850 /* Release */,
			);
			defaultConfigurationIsVisible = 0;
			defaultConfigurationName = Debug;
		};
		9A4BA5A4F122DB3580E2B6F4 /* Build configuration list for PBXNativeTarget "LifeWrappedWidget" */ = {
			isa = XCConfigurationList;
			buildConfigurations = (
				490E8E21D854C656A5895DFB /* Debug */,
				DB417CB46B38C0CAE0518C65 /* Release */,
			);
			defaultConfigurationIsVisible = 0;
			defaultConfigurationName = Debug;
		};
		E227AF43CC9B2D862C87EEA7 /* Build configuration list for PBXProject "LifeWrapped" */ = {
			isa = XCConfigurationList;
			buildConfigurations = (
				2690078A7C6CDE37AE78AF7A /* Debug */,
				8942422AAFC9D5E25162CBF9 /* Release */,
			);
			defaultConfigurationIsVisible = 0;
			defaultConfigurationName = Debug;
		};
/* End XCConfigurationList section */

/* Begin XCLocalSwiftPackageReference section */
		02D8BAF21912F2D47D5AACC7 /* XCLocalSwiftPackageReference "Packages/SharedModels" */ = {
			isa = XCLocalSwiftPackageReference;
			relativePath = Packages/SharedModels;
		};
		49D1508E1F7F1B06FAD33759 /* XCLocalSwiftPackageReference "Packages/Storage" */ = {
			isa = XCLocalSwiftPackageReference;
			relativePath = Packages/Storage;
		};
		4D754DE42878205E72A9AC79 /* XCLocalSwiftPackageReference "Packages/AudioCapture" */ = {
			isa = XCLocalSwiftPackageReference;
			relativePath = Packages/AudioCapture;
		};
		71015CF0937723FDBED548DF /* XCLocalSwiftPackageReference "Packages/Transcription" */ = {
			isa = XCLocalSwiftPackageReference;
			relativePath = Packages/Transcription;
		};
		D0F826A35D149D928EF0E855 /* XCLocalSwiftPackageReference "Packages/WidgetCore" */ = {
			isa = XCLocalSwiftPackageReference;
			relativePath = Packages/WidgetCore;
		};
		DD0FAD72A9ACE6E6B8E0E128 /* XCLocalSwiftPackageReference "Packages/Summarization" */ = {
			isa = XCLocalSwiftPackageReference;
			relativePath = Packages/Summarization;
		};
		E2904717F6A8C8E9C45F9730 /* XCLocalSwiftPackageReference "Packages/InsightsRollup" */ = {
			isa = XCLocalSwiftPackageReference;
			relativePath = Packages/InsightsRollup;
		};
/* End XCLocalSwiftPackageReference section */

/* Begin XCSwiftPackageProductDependency section */
		004017B294387272A17D9463 /* InsightsRollup */ = {
			isa = XCSwiftPackageProductDependency;
			productName = InsightsRollup;
		};
		2767C43F89A29AB2EBA6ADF2 /* InsightsRollup */ = {
			isa = XCSwiftPackageProductDependency;
			productName = InsightsRollup;
		};
		3AC00A8D34DD43FEB8110721 /* Storage */ = {
			isa = XCSwiftPackageProductDependency;
			productName = Storage;
		};
		3E9E7AFD4C6A5ED1BB07B95D /* Transcription */ = {
			isa = XCSwiftPackageProductDependency;
			productName = Transcription;
		};
		5164369DCEB7F287DDFA1A0C /* SharedModels */ = {
			isa = XCSwiftPackageProductDependency;
			productName = SharedModels;
		};
		A1A443B442D310CEA654D85D /* WidgetCore */ = {
			isa = XCSwiftPackageProductDependency;
			productName = WidgetCore;
		};
		A34D06F783FED7A00B324107 /* WidgetCore */ = {
			isa = XCSwiftPackageProductDependency;
			productName = WidgetCore;
		};
		B68C413BD4D27BF71ED299E5 /* AudioCapture */ = {
			isa = XCSwiftPackageProductDependency;
			productName = AudioCapture;
		};
		CA3DCC7908C3EAF40858A0FB /* SharedModels */ = {
			isa = XCSwiftPackageProductDependency;
			productName = SharedModels;
		};
		D3EE294EB38CFB9FDFAE6BCE /* Summarization */ = {
			isa = XCSwiftPackageProductDependency;
			productName = Summarization;
		};
		F880C26B6A3AA9A3D31EE4D9 /* Storage */ = {
			isa = XCSwiftPackageProductDependency;
			productName = Storage;
		};
/* End XCSwiftPackageProductDependency section */
	};
	rootObject = 6F8F3F3B4FF654BDFBE10870 /* Project object */;
}
